
Microsoft Visual Studio Solution File, Format Version 12.00
# Visual Studio Version 16
VisualStudioVersion = 16.0.29306.81
MinimumVisualStudioVersion = 10.0.40219.1
Project("{FAE04EC0-301F-11D3-BF4B-00C04F79EFBC}") = "n01369471_assignment1", "n01369471_assignment1\n01369471_assignment1.csproj", "{8B613783-408B-4365-A05F-8A3D02CB2928}"
EndProject
Global
	GlobalSection(SolutionConfigurationPlatforms) = preSolution
		Debug|Any CPU = Debug|Any CPU
		Release|Any CPU = Release|Any CPU
	EndGlobalSection
	GlobalSection(ProjectConfigurationPlatforms) = postSolution
		{8B613783-408B-4365-A05F-8A3D02CB2928}.Debug|Any CPU.ActiveCfg = Debug|Any CPU
		{8B613783-408B-4365-A05F-8A3D02CB2928}.Debug|Any CPU.Build.0 = Debug|Any CPU
		{8B613783-408B-4365-A05F-8A3D02CB2928}.Release|Any CPU.ActiveCfg = Release|Any CPU
		{8B613783-408B-4365-A05F-8A3D02CB2928}.Release|Any CPU.Build.0 = Release|Any CPU
	EndGlobalSection
	GlobalSection(SolutionProperties) = preSolution
		HideSolutionNode = FALSE
	EndGlobalSection
	GlobalSection(ExtensibilityGlobals) = postSolution
		SolutionGuid = {A84EF966-CDE9-48DB-9EF4-A4C85D610E5D}
	EndGlobalSection
EndGlobal
